Microsoft Visual Studio Solution File, Format Version 12.00
# Visual Studio Version 17
VisualStudioVersion = 17.13.35931.197
MinimumVisualStudioVersion = 10.0.40219.1
Project("{FAE04EC0-301F-11D3-BF4B-00C04F79EFBC}") = "SignalRChat", "SignalRChat.csproj", "{13CA2826-8384-407F-8EE4-512DA3183187}"
EndProject
Global
	GlobalSection(SolutionConfigurationPlatforms) = preSolution
		Debug|Any CPU = Debug|Any CPU
		Release|Any CPU = Release|Any CPU
	EndGlobalSection
	GlobalSection(ProjectConfigurationPlatforms) = postSolution
		{13CA2826-8384-407F-8EE4-512DA3183187}.Debug|Any CPU.ActiveCfg = Debug|Any CPU
		{13CA2826-8384-407F-8EE4-512DA3183187}.Debug|Any CPU.Build.0 = Debug|Any CPU
		{13CA2826-8384-407F-8EE4-512DA3183187}.Release|Any CPU.ActiveCfg = Release|Any CPU
		{13CA2826-8384-407F-8EE4-512DA3183187}.Release|Any CPU.Build.0 = Release|Any CPU
	EndGlobalSection
	GlobalSection(SolutionProperties) = preSolution
		HideSolutionNode = FALSE
	EndGlobalSection
	GlobalSection(ExtensibilityGlobals) = postSolution
		SolutionGuid = {34643AFB-F7F1-4A3D-BAD0-C1D10FEE8DAB}
	EndGlobalSection
EndGlobal
